// !$*UTF8*$!
{
	archiveVersion = 1;
	classes = {
	};
	objectVersion = 50;
	objects = {

/* Begin PBXBuildFile section */
		2D836FAD25FA22B8002FBC1E /* FirestripeApp.swift in Sources */ = {isa = PBXBuildFile; fileRef = 2D836FAC25FA22B8002FBC1E /* FirestripeApp.swift */; };
		2D836FAF25FA22B8002FBC1E /* ContentView.swift in Sources */ = {isa = PBXBuildFile; fileRef = 2D836FAE25FA22B8002FBC1E /* ContentView.swift */; };
		2D836FB125FA22BB002FBC1E /* Assets.xcassets in Resources */ = {isa = PBXBuildFile; fileRef = 2D836FB025FA22BB002FBC1E /* Assets.xcassets */; };
		2D836FB425FA22BB002FBC1E /* Preview Assets.xcassets in Resources */ = {isa = PBXBuildFile; fileRef = 2D836FB325FA22BB002FBC1E /* Preview Assets.xcassets */; };
		5B60E78821A3E31A40B993E4 /* Pods_Firestripe.framework in Frameworks */ = {isa = PBXBuildFile; fileRef = EF65CB6B63ADEDD18A0A2C09 /* Pods_Firestripe.framework */; };
/* End PBXBuildFile section */

/* Begin PBXFileReference section */
		131B6AFB8241362D9C2C3BC7 /* Pods-Firestripe.release.xcconfig */ = {isa = PBXFileReference; includeInIndex = 1; lastKnownFileType = text.xcconfig; name = "Pods-Firestripe.release.xcconfig"; path = "Target Support Files/Pods-Firestripe/Pods-Firestripe.release.xcconfig"; sourceTree = "<group>"; };
		2D836FA925FA22B8002FBC1E /* Firestripe.app */ = {isa = PBXFileReference; explicitFileType = wrapper.application; includeInIndex = 0; path = Firestripe.app; sourceTree = BUILT_PRODUCTS_DIR; };
		2D836FAC25FA22B8002FBC1E /* FirestripeApp.swift */ = {isa = PBXFileReference; lastKnownFileType = sourcecode.swift; path = FirestripeApp.swift; sourceTree = "<group>"; };
		2D836FAE25FA22B8002FBC1E /* ContentView.swift */ = {isa = PBXFileReference; lastKnownFileType = sourcecode.swift; path = ContentView.swift; sourceTree = "<group>"; };
		2D836FB025FA22BB002FBC1E /* Assets.xcassets */ = {isa = PBXFileReference; lastKnownFileType = folder.assetcatalog; path = Assets.xcassets; sourceTree = "<group>"; };
		2D836FB325FA22BB002FBC1E /* Preview Assets.xcassets */ = {isa = PBXFileReference; lastKnownFileType = folder.assetcatalog; path = "Preview Assets.xcassets"; sourceTree = "<group>"; };
		2D836FB525FA22BB002FBC1E /* Info.plist */ = {isa = PBXFileReference; lastKnownFileType = text.plist.xml; path = Info.plist; sourceTree = "<group>"; };
		EB1B511F2F4CB6B3DFF10057 /* Pods-Firestripe.debug.xcconfig */ = {isa = PBXFileReference; includeInIndex = 1; lastKnownFileType = text.xcconfig; name = "Pods-Firestripe.debug.xcconfig"; path = "Target Support Files/Pods-Firestripe/Pods-Firestripe.debug.xcconfig"; sourceTree = "<group>"; };
		EF65CB6B63ADEDD18A0A2C09 /* Pods_Firestripe.framework */ = {isa = PBXFileReference; explicitFileType = wrapper.framework; includeInIndex = 0; path = Pods_Firestripe.framework; sourceTree = BUILT_PRODUCTS_DIR; };
/* End PBXFileReference section */

/* Begin PBXFrameworksBuildPhase section */
		2D836FA625FA22B8002FBC1E /* Frameworks */ = {
			isa = PBXFrameworksBuildPhase;
			buildActionMask = 2147483647;
			files = (
				5B60E78821A3E31A40B993E4 /* Pods_Firestripe.framework in Frameworks */,
			);
			runOnlyForDeploymentPostprocessing = 0;
		};
/* End PBXFrameworksBuildPhase section */

/* Begin PBXGroup section */
		2437B75B7A7DF2136FE93CFC /* Frameworks */ = {
			isa = PBXGroup;
			children = (
				EF65CB6B63ADEDD18A0A2C09 /* Pods_Firestripe.framework */,
			);
			name = Frameworks;
			sourceTree = "<group>";
		};
		2D836FA025FA22B8002FBC1E = {
			isa = PBXGroup;
			children = (
				2D836FAB25FA22B8002FBC1E /* Firestripe */,
				2D836FAA25FA22B8002FBC1E /* Products */,
				33A39E83AB83397FDB5DB0A0 /* Pods */,
				2437B75B7A7DF2136FE93CFC /* Frameworks */,
			);
			sourceTree = "<group>";
		};
		2D836FAA25FA22B8002FBC1E /* Products */ = {
			isa = PBXGroup;
			children = (
				2D836FA925FA22B8002FBC1E /* Firestripe.app */,
			);
			name = Products;
			sourceTree = "<group>";
		};
		2D836FAB25FA22B8002FBC1E /* Firestripe */ = {
			isa = PBXGroup;
			children = (
				2D836FAC25FA22B8002FBC1E /* FirestripeApp.swift */,
				2D836FAE25FA22B8002FBC1E /* ContentView.swift */,
				2D836FB025FA22BB002FBC1E /* Assets.xcassets */,
				2D836FB525FA22BB002FBC1E /* Info.plist */,
				2D836FB225FA22BB002FBC1E /* Preview Content */,
			);
			path = Firestripe;
			sourceTree = "<group>";
		};
		2D836FB225FA22BB002FBC1E /* Preview Content */ = {
			isa = PBXGroup;
			children = (
				2D836FB325FA22BB002FBC1E /* Preview Assets.xcassets */,
			);
			path = "Preview Content";
			sourceTree = "<group>";
		};
		33A39E83AB83397FDB5DB0A0 /* Pods */ = {
			isa = PBXGroup;
			children = (
				EB1B511F2F4CB6B3DFF10057 /* Pods-Firestripe.debug.xcconfig */,
				131B6AFB8241362D9C2C3BC7 /* Pods-Firestripe.release.xcconfig */,
			);
			name = Pods;
			path = Pods;
			sourceTree = "<group>";
		};
/* End PBXGroup section */

/* Begin PBXNativeTarget section */
		2D836FA825FA22B8002FBC1E /* Firestripe */ = {
			isa = PBXNativeTarget;
			buildConfigurationList = 2D836FB825FA22BB002FBC1E /* Build configuration list for PBXNativeTarget "Firestripe" */;
			buildPhases = (
				788DC3E41DEB0A5B2A50D3F8 /* [CP] Check Pods Manifest.lock */,
				2D836FA525FA22B8002FBC1E /* Sources */,
				2D836FA625FA22B8002FBC1E /* Frameworks */,
				2D836FA725FA22B8002FBC1E /* Resources */,
				87A12DA843C86C43FFDD9E38 /* [CP] Embed Pods Frameworks */,
			);
			buildRules = (
			);
			dependencies = (
			);
			name = Firestripe;
			productName = Firestripe;
			productReference = 2D836FA925FA22B8002FBC1E /* Firestripe.app */;
			productType = "com.apple.product-type.application";
		};
/* End PBXNativeTarget section */

/* Begin PBXProject section */
		2D836FA125FA22B8002FBC1E /* Project object */ = {
			isa = PBXProject;
			attributes = {
				LastSwiftUpdateCheck = 1200;
				LastUpgradeCheck = 1200;
				TargetAttributes = {
					2D836FA825FA22B8002FBC1E = {
						CreatedOnToolsVersion = 12.0.1;
					};
				};
			};
			buildConfigurationList = 2D836FA425FA22B8002FBC1E /* Build configuration list for PBXProject "Firestripe" */;
			compatibilityVersion = "Xcode 9.3";
			developmentRegion = en;
			hasScannedForEncodings = 0;
			knownRegions = (
				en,
				Base,
			);
			mainGroup = 2D836FA025FA22B8002FBC1E;
			productRefGroup = 2D836FAA25FA22B8002FBC1E /* Products */;
			projectDirPath = "";
			projectRoot = "";
			targets = (
				2D836FA825FA22B8002FBC1E /* Firestripe */,
			);
		};
/* End PBXProject section */

/* Begin PBXResourcesBuildPhase section */
		2D836FA725FA22B8002FBC1E /* Resources */ = {
			isa = PBXResourcesBuildPhase;
			buildActionMask = 2147483647;
			files = (
				2D836FB425FA22BB002FBC1E /* Preview Assets.xcassets in Resources */,
				2D836FB125FA22BB002FBC1E /* Assets.xcassets in Resources */,
			);
			runOnlyForDeploymentPostprocessing = 0;
		};
/* End PBXResourcesBuildPhase section */

/* Begin PBXShellScriptBuildPhase section */
		788DC3E41DEB0A5B2A50D3F8 /* [CP] Check Pods Manifest.lock */ = {
			isa = PBXShellScriptBuildPhase;
			buildActionMask = 2147483647;
			files = (
			);
			inputFileListPaths = (
			);
			inputPaths = (
				"${PODS_PODFILE_DIR_PATH}/Podfile.lock",
				"${PODS_ROOT}/Manifest.lock",
			);
			name = "[CP] Check Pods Manifest.lock";
			outputFileListPaths = (
			);
			outputPaths = (
				"$(DERIVED_FILE_DIR)/Pods-Firestripe-checkManifestLockResult.txt",
			);
			runOnlyForDeploymentPostprocessing = 0;
			shellPath = /bin/sh;
			shellScript = "diff \"${PODS_PODFILE_DIR_PATH}/Podfile.lock\" \"${PODS_ROOT}/Manifest.lock\" > /dev/null\nif [ $? != 0 ] ; then\n    # print error to STDERR\n    echo \"error: The sandbox is not in sync with the Podfile.lock. Run 'pod install' or update your CocoaPods installation.\" >&2\n    exit 1\nfi\n# This output is used by Xcode 'outputs' to avoid re-running this script phase.\necho \"SUCCESS\" > \"${SCRIPT_OUTPUT_FILE_0}\"\n";
			showEnvVarsInLog = 0;
		};
		87A12DA843C86C43FFDD9E38 /* [CP] Embed Pods Frameworks */ = {
			isa = PBXShellScriptBuildPhase;
			buildActionMask = 2147483647;
			files = (
			);
			inputFileListPaths = (
				"${PODS_ROOT}/Target Support Files/Pods-Firestripe/Pods-Firestripe-frameworks-${CONFIGURATION}-input-files.xcfilelist",
			);
			name = "[CP] Embed Pods Frameworks";
			outputFileListPaths = (
				"${PODS_ROOT}/Target Support Files/Pods-Firestripe/Pods-Firestripe-frameworks-${CONFIGURATION}-output-files.xcfilelist",
			);
			runOnlyForDeploymentPostprocessing = 0;
			shellPath = /bin/sh;
			shellScript = "\"${PODS_ROOT}/Target Support Files/Pods-Firestripe/Pods-Firestripe-frameworks.sh\"\n";
			showEnvVarsInLog = 0;
		};
/* End PBXShellScriptBuildPhase section */

/* Begin PBXSourcesBuildPhase section */
		2D836FA525FA22B8002FBC1E /* Sources */ = {
			isa = PBXSourcesBuildPhase;
			buildActionMask = 2147483647;
			files = (
				2D836FAF25FA22B8002FBC1E /* ContentView.swift in Sources */,
				2D836FAD25FA22B8002FBC1E /* FirestripeApp.swift in Sources */,
			);
			runOnlyForDeploymentPostprocessing = 0;
		};
/* End PBXSourcesBuildPhase section */

/* Begin XCBuildConfiguration section */
		2D836FB625FA22BB002FBC1E /* Debug */ = {
			isa = XCBuildConfiguration;
			buildSettings = {
				ALWAYS_SEARCH_USER_PATHS = NO;
				CLANG_ANALYZER_NONNULL = YES;
				CLANG_ANALYZER_NUMBER_OBJECT_CONVERSION = YES_AGGRESSIVE;
				CLANG_CXX_LANGUAGE_STANDARD = "gnu++14";
				CLANG_CXX_LIBRARY = "libc++";
				CLANG_ENABLE_MODULES = YES;
				CLANG_ENABLE_OBJC_ARC = YES;
				CLANG_ENABLE_OBJC_WEAK = YES;
				CLANG_WARN_BLOCK_CAPTURE_AUTORELEASING = YES;
				CLANG_WARN_BOOL_CONVERSION = YES;
				CLANG_WARN_COMMA = YES;
				CLANG_WARN_CONSTANT_CONVERSION = YES;
				CLANG_WARN_DEPRECATED_OBJC_IMPLEMENTATIONS = YES;
				CLANG_WARN_DIRECT_OBJC_ISA_USAGE = YES_ERROR;
				CLANG_WARN_DOCUMENTATION_COMMENTS = YES;
				CLANG_WARN_EMPTY_BODY = YES;
				CLANG_WARN_ENUM_CONVERSION = YES;
				CLANG_WARN_INFINITE_RECURSION = YES;
				CLANG_WARN_INT_CONVERSION = YES;
				CLANG_WARN_NON_LITERAL_NULL_CONVERSION = YES;
				CLANG_WARN_OBJC_IMPLICIT_RETAIN_SELF = YES;
				CLANG_WARN_OBJC_LITERAL_CONVERSION = YES;
				CLANG_WARN_OBJC_ROOT_CLASS = YES_ERROR;
				CLANG_WARN_QUOTED_INCLUDE_IN_FRAMEWORK_HEADER = YES;
				CLANG_WARN_RANGE_LOOP_ANALYSIS = YES;
				CLANG_WARN_STRICT_PROTOTYPES = YES;
				CLANG_WARN_SUSPICIOUS_MOVE = YES;
				CLANG_WARN_UNGUARDED_AVAILABILITY = YES_AGGRESSIVE;
				CLANG_WARN_UNREACHABLE_CODE = YES;
				CLANG_WARN__DUPLICATE_METHOD_MATCH = YES;
				COPY_PHASE_STRIP = NO;
				DEBUG_INFORMATION_FORMAT = dwarf;
				ENABLE_STRICT_OBJC_MSGSEND = YES;
				ENABLE_TESTABILITY = YES;
				GCC_C_LANGUAGE_STANDARD = gnu11;
				GCC_DYNAMIC_NO_PIC = NO;
				GCC_NO_COMMON_BLOCKS = YES;
				GCC_OPTIMIZATION_LEVEL = 0;
				GCC_PREPROCESSOR_DEFINITIONS = (
					"DEBUG=1",
					"$(inherited)",
				);
				GCC_WARN_64_TO_32_BIT_CONVERSION = YES;
				GCC_WARN_ABOUT_RETURN_TYPE = YES_ERROR;
				GCC_WARN_UNDECLARED_SELECTOR = YES;
				GCC_WARN_UNINITIALIZED_AUTOS = YES_AGGRESSIVE;
				GCC_WARN_UNUSED_FUNCTION = YES;
				GCC_WARN_UNUSED_VARIABLE = YES;
				IPHONEOS_DEPLOYMENT_TARGET = 14.0;
				MTL_ENABLE_DEBUG_INFO = INCLUDE_SOURCE;
				MTL_FAST_MATH = YES;
				ONLY_ACTIVE_ARCH = YES;
				SDKROOT = iphoneos;
				SWIFT_ACTIVE_COMPILATION_CONDITIONS = DEBUG;
				SWIFT_OPTIMIZATION_LEVEL = "-Onone";
			};
			name = Debug;
		};
		2D836FB725FA22BB002FBC1E /* Release */ = {
			isa = XCBuildConfiguration;
			buildSettings = {
				ALWAYS_SEARCH_USER_PATHS = NO;
				CLANG_ANALYZER_NONNULL = YES;
				CLANG_ANALYZER_NUMBER_OBJECT_CONVERSION = YES_AGGRESSIVE;
				CLANG_CXX_LANGUAGE_STANDARD = "gnu++14";
				CLANG_CXX_LIBRARY = "libc++";
				CLANG_ENABLE_MODULES = YES;
				CLANG_ENABLE_OBJC_ARC = YES;
				CLANG_ENABLE_OBJC_WEAK = YES;
				CLANG_WARN_BLOCK_CAPTURE_AUTORELEASING = YES;
				CLANG_WARN_BOOL_CONVERSION = YES;
				CLANG_WARN_COMMA = YES;
				CLANG_WARN_CONSTANT_CONVERSION = YES;
				CLANG_WARN_DEPRECATED_OBJC_IMPLEMENTATIONS = YES;
				CLANG_WARN_DIRECT_OBJC_ISA_USAGE = YES_ERROR;
				CLANG_WARN_DOCUMENTATION_COMMENTS = YES;
				CLANG_WARN_EMPTY_BODY = YES;
				CLANG_WARN_ENUM_CONVERSION = YES;
				CLANG_WARN_INFINITE_RECURSION = YES;
				CLANG_WARN_INT_CONVERSION = YES;
				CLANG_WARN_NON_LITERAL_NULL_CONVERSION = YES;
				CLANG_WARN_OBJC_IMPLICIT_RETAIN_SELF = YES;
				CLANG_WARN_OBJC_LITERAL_CONVERSION = YES;
				CLANG_WARN_OBJC_ROOT_CLASS = YES_ERROR;
				CLANG_WARN_QUOTED_INCLUDE_IN_FRAMEWORK_HEADER = YES;
				CLANG_WARN_RANGE_LOOP_ANALYSIS = YES;
				CLANG_WARN_STRICT_PROTOTYPES = YES;
				CLANG_WARN_SUSPICIOUS_MOVE = YES;
				CLANG_WARN_UNGUARDED_AVAILABILITY = YES_AGGRESSIVE;
				CLANG_WARN_UNREACHABLE_CODE = YES;
				CLANG_WARN__DUPLICATE_METHOD_MATCH = YES;
				COPY_PHASE_STRIP = NO;
				DEBUG_INFORMATION_FORMAT = "dwarf-with-dsym";
				ENABLE_NS_ASSERTIONS = NO;
				ENABLE_STRICT_OBJC_MSGSEND = YES;
				GCC_C_LANGUAGE_STANDARD = gnu11;
				GCC_NO_COMMON_BLOCKS = YES;
				GCC_WARN_64_TO_32_BIT_CONVERSION = YES;
				GCC_WARN_ABOUT_RETURN_TYPE = YES_ERROR;
				GCC_WARN_UNDECLARED_SELECTOR = YES;
				GCC_WARN_UNINITIALIZED_AUTOS = YES_AGGRESSIVE;
				GCC_WARN_UNUSED_FUNCTION = YES;
				GCC_WARN_UNUSED_VARIABLE = YES;
				IPHONEOS_DEPLOYMENT_TARGET = 14.0;
				MTL_ENABLE_DEBUG_INFO = NO;
				MTL_FAST_MATH = YES;
				SDKROOT = iphoneos;
				SWIFT_COMPILATION_MODE = wholemodule;
				SWIFT_OPTIMIZATION_LEVEL = "-O";
				VALIDATE_PRODUCT = YES;
			};
			name = Release;
		};
		2D836FB925FA22BB002FBC1E /* Debug */ = {
			isa = XCBuildConfiguration;
			baseConfigurationReference = EB1B511F2F4CB6B3DFF10057 /* Pods-Firestripe.debug.xcconfig */;
			buildSettings = {
				ASSETCATALOG_COMPILER_APPICON_NAME = AppIcon;
				ASSETCATALOG_COMPILER_GLOBAL_ACCENT_COLOR_NAME = AccentColor;
				CODE_SIGN_STYLE = Automatic;
				DEVELOPMENT_ASSET_PATHS = "\"Firestripe/Preview Content\"";
				ENABLE_PREVIEWS = YES;
				INFOPLIST_FILE = Firestripe/Info.plist;
				IPHONEOS_DEPLOYMENT_TARGET = 14.0;
				LD_RUNPATH_SEARCH_PATHS = (
					"$(inherited)",
					"@executable_path/Frameworks",
				);
				PRODUCT_BUNDLE_IDENTIFIER = stripe.example.Firestripe;
				PRODUCT_NAME = "$(TARGET_NAME)";
				SWIFT_VERSION = 5.0;
				TARGETED_DEVICE_FAMILY = "1,2";
			};
			name = Debug;
		};
		2D836FBA25FA22BB002FBC1E /* Release */ = {
			isa = XCBuildConfiguration;
			baseConfigurationReference = 131B6AFB8241362D9C2C3BC7 /* Pods-Firestripe.release.xcconfig */;
			buildSettings = {
				ASSETCATALOG_COMPILER_APPICON_NAME = AppIcon;
				ASSETCATALOG_COMPILER_GLOBAL_ACCENT_COLOR_NAME = AccentColor;
				CODE_SIGN_STYLE = Automatic;
				DEVELOPMENT_ASSET_PATHS = "\"Firestripe/Preview Content\"";
				ENABLE_PREVIEWS = YES;
				INFOPLIST_FILE = Firestripe/Info.plist;
				IPHONEOS_DEPLOYMENT_TARGET = 14.0;
				LD_RUNPATH_SEARCH_PATHS = (
					"$(inherited)",
					"@executable_path/Frameworks",
				);
				PRODUCT_BUNDLE_IDENTIFIER = stripe.example.Firestripe;
				PRODUCT_NAME = "$(TARGET_NAME)";
				SWIFT_VERSION = 5.0;
				TARGETED_DEVICE_FAMILY = "1,2";
			};
			name = Release;
		};
/* End XCBuildConfiguration section */

/* Begin XCConfigurationList section */
		2D836FA425FA22B8002FBC1E /* Build configuration list for PBXProject "Firestripe" */ = {
			isa = XCConfigurationList;
			buildConfigurations = (
				2D836FB625FA22BB002FBC1E /* Debug */,
				2D836FB725FA22BB002FBC1E /* Release */,
			);
			defaultConfigurationIsVisible = 0;
			defaultConfigurationName = Release;
		};
		2D836FB825FA22BB002FBC1E /* Build configuration list for PBXNativeTarget "Firestripe" */ = {
			isa = XCConfigurationList;
			buildConfigurations = (
				2D836FB925FA22BB002FBC1E /* Debug */,
				2D836FBA25FA22BB002FBC1E /* Release */,
			);
			defaultConfigurationIsVisible = 0;
			defaultConfigurationName = Release;
		};
/* End XCConfigurationList section */
	};
	rootObject = 2D836FA125FA22B8002FBC1E /* Project object */;
}
